
Microsoft Visual Studio Solution File, Format Version 12.00
# Visual Studio Version 17
VisualStudioVersion = 17.8.34316.72
MinimumVisualStudioVersion = 10.0.40219.1
Project("{FAE04EC0-301F-11D3-BF4B-00C04F79EFBC}") = "JsonProgramm", "JsonProgramm\JsonProgramm.csproj", "{50889805-6003-4896-ABEF-8B73372D0AD1}"
EndProject
Global
	GlobalSection(SolutionConfigurationPlatforms) = preSolution
		Debug|Any CPU = Debug|Any CPU
		Release|Any CPU = Release|Any CPU
	EndGlobalSection
	GlobalSection(ProjectConfigurationPlatforms) = postSolution
		{50889805-6003-4896-ABEF-8B73372D0AD1}.Debug|Any CPU.ActiveCfg = Debug|Any CPU
		{50889805-6003-4896-ABEF-8B73372D0AD1}.Debug|Any CPU.Build.0 = Debug|Any CPU
		{50889805-6003-4896-ABEF-8B73372D0AD1}.Release|Any CPU.ActiveCfg = Release|Any CPU
		{50889805-6003-4896-ABEF-8B73372D0AD1}.Release|Any CPU.Build.0 = Release|Any CPU
	EndGlobalSection
	GlobalSection(SolutionProperties) = preSolution
		HideSolutionNode = FALSE
	EndGlobalSection
	GlobalSection(ExtensibilityGlobals) = postSolution
		SolutionGuid = {170503AA-34F4-4A2C-905E-4AE553DC9720}
	EndGlobalSection
EndGlobal
